
Microsoft Visual Studio Solution File, Format Version 12.00
# Visual Studio Version 17
VisualStudioVersion = 17.0.32112.339
MinimumVisualStudioVersion = 10.0.40219.1
Project("{9A19103F-16F7-4668-BE54-9A1E7A4F7556}") = "Desafios-DIO_.NET - Diferenca", "Desafios-DIO_.NET\Desafios-DIO_.NET - Diferenca.csproj", "{5CDD3381-55E9-4C26-A0A1-89C2D9012F29}"
EndProject
Project("{9A19103F-16F7-4668-BE54-9A1E7A4F7556}") = "Desafios-DIO_.NET - Multiplos", "Desafios-DIO_.NET - Multiplos\Desafios-DIO_.NET - Multiplos.csproj", "{3E3FD8CA-311C-4587-837F-75576CD7F6FE}"
EndProject
Project("{9A19103F-16F7-4668-BE54-9A1E7A4F7556}") = "Desafios-DIO_.NET - Calculo Simples", "Desafios-DIO_.NET - Calculo Simples\Desafios-DIO_.NET - Calculo Simples.csproj", "{70C1889F-8974-4980-B48E-6A9D1F456FEC}"
EndProject
Project("{9A19103F-16F7-4668-BE54-9A1E7A4F7556}") = "Desafios-DIO_.NET - Vai ter Copa", "Desafios-DIO_.NET - Vai ter Copa\Desafios-DIO_.NET - Vai ter Copa.csproj", "{DFFFD0B5-AC49-4C3E-B9B7-8625E2B0A7C3}"
EndProject
Project("{9A19103F-16F7-4668-BE54-9A1E7A4F7556}") = "Desafios-DIO_.NET - Teste de Seleção 1", "Desafios-DIO_.NET - Teste de Seleção 1\Desafios-DIO_.NET - Teste de Seleção 1.csproj", "{98D85E45-F18F-4306-81F1-9A3C13BCB88D}"
EndProject
Project("{9A19103F-16F7-4668-BE54-9A1E7A4F7556}") = "Desafios-DIO_.NET - Média 3", "Desafios-DIO_.NET - Média 3\Desafios-DIO_.NET - Média 3.csproj", "{99A570FB-00AF-4B00-AB1C-4F98E6AFA022}"
EndProject
Project("{FAE04EC0-301F-11D3-BF4B-00C04F79EFBC}") = "Desafios-DIO_.NET - Mês", "Desafios-DIO_.NET - Mês\Desafios-DIO_.NET - Mês.csproj", "{47E2E250-2C22-4C7A-8FD9-8BD4D6C582FD}"
EndProject
Project("{FAE04EC0-301F-11D3-BF4B-00C04F79EFBC}") = "Desafios-DIO_.NET - Quadrado e ao Cubo", "Desafios-DIO_.NET - Quadrado e ao Cubo\Desafios-DIO_.NET - Quadrado e ao Cubo.csproj", "{6D55E2F8-3617-47C6-8468-495BC2587AAD}"
EndProject
Project("{FAE04EC0-301F-11D3-BF4B-00C04F79EFBC}") = "Desafios-DIO_.NET - Soma de Pares Consecutivos", "Desafios-DIO_.NET - Soma de Pares Consecutivos\Desafios-DIO_.NET - Soma de Pares Consecutivos.csproj", "{98FC159C-4C2A-4046-B166-E6E96E7913D5}"
EndProject
Project("{FAE04EC0-301F-11D3-BF4B-00C04F79EFBC}") = "Desafios-DIO_.NET - Contagem de Cédulas", "Desafios-DIO_.NET - Contagem de Cédulas\Desafios-DIO_.NET - Contagem de Cédulas.csproj", "{18E15CA7-8EFB-40BC-93FC-2D315E3FA631}"
EndProject
Global
	GlobalSection(SolutionConfigurationPlatforms) = preSolution
		Debug|Any CPU = Debug|Any CPU
		Release|Any CPU = Release|Any CPU
	EndGlobalSection
	GlobalSection(ProjectConfigurationPlatforms) = postSolution
		{5CDD3381-55E9-4C26-A0A1-89C2D9012F29}.Debug|Any CPU.ActiveCfg = Debug|Any CPU
		{5CDD3381-55E9-4C26-A0A1-89C2D9012F29}.Debug|Any CPU.Build.0 = Debug|Any CPU
		{5CDD3381-55E9-4C26-A0A1-89C2D9012F29}.Release|Any CPU.ActiveCfg = Release|Any CPU
		{5CDD3381-55E9-4C26-A0A1-89C2D9012F29}.Release|Any CPU.Build.0 = Release|Any CPU
		{3E3FD8CA-311C-4587-837F-75576CD7F6FE}.Debug|Any CPU.ActiveCfg = Debug|Any CPU
		{3E3FD8CA-311C-4587-837F-75576CD7F6FE}.Debug|Any CPU.Build.0 = Debug|Any CPU
		{3E3FD8CA-311C-4587-837F-75576CD7F6FE}.Release|Any CPU.ActiveCfg = Release|Any CPU
		{3E3FD8CA-311C-4587-837F-75576CD7F6FE}.Release|Any CPU.Build.0 = Release|Any CPU
		{70C1889F-8974-4980-B48E-6A9D1F456FEC}.Debug|Any CPU.ActiveCfg = Debug|Any CPU
		{70C1889F-8974-4980-B48E-6A9D1F456FEC}.Debug|Any CPU.Build.0 = Debug|Any CPU
		{70C1889F-8974-4980-B48E-6A9D1F456FEC}.Release|Any CPU.ActiveCfg = Release|Any CPU
		{70C1889F-8974-4980-B48E-6A9D1F456FEC}.Release|Any CPU.Build.0 = Release|Any CPU
		{DFFFD0B5-AC49-4C3E-B9B7-8625E2B0A7C3}.Debug|Any CPU.ActiveCfg = Debug|Any CPU
		{DFFFD0B5-AC49-4C3E-B9B7-8625E2B0A7C3}.Debug|Any CPU.Build.0 = Debug|Any CPU
		{DFFFD0B5-AC49-4C3E-B9B7-8625E2B0A7C3}.Release|Any CPU.ActiveCfg = Release|Any CPU
		{DFFFD0B5-AC49-4C3E-B9B7-8625E2B0A7C3}.Release|Any CPU.Build.0 = Release|Any CPU
		{98D85E45-F18F-4306-81F1-9A3C13BCB88D}.Debug|Any CPU.ActiveCfg = Debug|Any CPU
		{98D85E45-F18F-4306-81F1-9A3C13BCB88D}.Debug|Any CPU.Build.0 = Debug|Any CPU
		{98D85E45-F18F-4306-81F1-9A3C13BCB88D}.Release|Any CPU.ActiveCfg = Release|Any CPU
		{98D85E45-F18F-4306-81F1-9A3C13BCB88D}.Release|Any CPU.Build.0 = Release|Any CPU
		{99A570FB-00AF-4B00-AB1C-4F98E6AFA022}.Debug|Any CPU.ActiveCfg = Debug|Any CPU
		{99A570FB-00AF-4B00-AB1C-4F98E6AFA022}.Debug|Any CPU.Build.0 = Debug|Any CPU
		{99A570FB-00AF-4B00-AB1C-4F98E6AFA022}.Release|Any CPU.ActiveCfg = Release|Any CPU
		{99A570FB-00AF-4B00-AB1C-4F98E6AFA022}.Release|Any CPU.Build.0 = Release|Any CPU
		{47E2E250-2C22-4C7A-8FD9-8BD4D6C582FD}.Debug|Any CPU.ActiveCfg = Debug|Any CPU
		{47E2E250-2C22-4C7A-8FD9-8BD4D6C582FD}.Debug|Any CPU.Build.0 = Debug|Any CPU
		{47E2E250-2C22-4C7A-8FD9-8BD4D6C582FD}.Release|Any CPU.ActiveCfg = Release|Any CPU
		{47E2E250-2C22-4C7A-8FD9-8BD4D6C582FD}.Release|Any CPU.Build.0 = Release|Any CPU
		{6D55E2F8-3617-47C6-8468-495BC2587AAD}.Debug|Any CPU.ActiveCfg = Debug|Any CPU
		{6D55E2F8-3617-47C6-8468-495BC2587AAD}.Debug|Any CPU.Build.0 = Debug|Any CPU
		{6D55E2F8-3617-47C6-8468-495BC2587AAD}.Release|Any CPU.ActiveCfg = Release|Any CPU
		{6D55E2F8-3617-47C6-8468-495BC2587AAD}.Release|Any CPU.Build.0 = Release|Any CPU
		{98FC159C-4C2A-4046-B166-E6E96E7913D5}.Debug|Any CPU.ActiveCfg = Debug|Any CPU
		{98FC159C-4C2A-4046-B166-E6E96E7913D5}.Debug|Any CPU.Build.0 = Debug|Any CPU
		{98FC159C-4C2A-4046-B166-E6E96E7913D5}.Release|Any CPU.ActiveCfg = Release|Any CPU
		{98FC159C-4C2A-4046-B166-E6E96E7913D5}.Release|Any CPU.Build.0 = Release|Any CPU
		{18E15CA7-8EFB-40BC-93FC-2D315E3FA631}.Debug|Any CPU.ActiveCfg = Debug|Any CPU
		{18E15CA7-8EFB-40BC-93FC-2D315E3FA631}.Debug|Any CPU.Build.0 = Debug|Any CPU
		{18E15CA7-8EFB-40BC-93FC-2D315E3FA631}.Release|Any CPU.ActiveCfg = Release|Any CPU
		{18E15CA7-8EFB-40BC-93FC-2D315E3FA631}.Release|Any CPU.Build.0 = Release|Any CPU
	EndGlobalSection
	GlobalSection(SolutionProperties) = preSolution
		HideSolutionNode = FALSE
	EndGlobalSection
	GlobalSection(ExtensibilityGlobals) = postSolution
		SolutionGuid = {9FF2E385-15DA-43A2-B00C-72D4C04AF794}
	EndGlobalSection
EndGlobal
